
Microsoft Visual Studio Solution File, Format Version 12.00
# Visual Studio Version 16
VisualStudioVersion = 16.0.30621.155
MinimumVisualStudioVersion = 10.0.40219.1
Project("{FAE04EC0-301F-11D3-BF4B-00C04F79EFBC}") = "budzet domowy", "budzet domowy.csproj", "{C95F29A0-6BE4-461E-82D7-A2F6C2B6AB4C}"
EndProject
Global
	GlobalSection(SolutionConfigurationPlatforms) = preSolution
		Debug|Any CPU = Debug|Any CPU
		Release|Any CPU = Release|Any CPU
	EndGlobalSection
	GlobalSection(ProjectConfigurationPlatforms) = postSolution
		{C95F29A0-6BE4-461E-82D7-A2F6C2B6AB4C}.Debug|Any CPU.ActiveCfg = Debug|Any CPU
		{C95F29A0-6BE4-461E-82D7-A2F6C2B6AB4C}.Debug|Any CPU.Build.0 = Debug|Any CPU
		{C95F29A0-6BE4-461E-82D7-A2F6C2B6AB4C}.Release|Any CPU.ActiveCfg = Release|Any CPU
		{C95F29A0-6BE4-461E-82D7-A2F6C2B6AB4C}.Release|Any CPU.Build.0 = Release|Any CPU
	EndGlobalSection
	GlobalSection(SolutionProperties) = preSolution
		HideSolutionNode = FALSE
	EndGlobalSection
	GlobalSection(ExtensibilityGlobals) = postSolution
		SolutionGuid = {346EF9E2-04FC-4DAB-89B1-A3377E5DEF3B}
	EndGlobalSection
EndGlobal
